{
  "name": "impact-compiler",
  "version": "0.1.0",
  "lockfileVersion": 3,
  "requires": true,
  "packages": {
    "": {
      "name": "impact-compiler",
      "version": "0.1.0",
      "license": "MIT",
      "bin": {
        "impact-compiler": "src/cli/impact-compiler.mjs"
      },
      "engines": {
        "node": ">=18"
      }
    }
  }
}
